
Microsoft Visual Studio Solution File, Format Version 12.00
# Visual Studio Version 17
VisualStudioVersion = 17.7.34031.279
MinimumVisualStudioVersion = 10.0.40219.1
Project("{FAE04EC0-301F-11D3-BF4B-00C04F79EFBC}") = "ConsoleApp17", "ConsoleApp17.csproj", "{AB10933A-43CC-4A2C-AFB9-0B328369AA20}"
EndProject
Global
	GlobalSection(SolutionConfigurationPlatforms) = preSolution
		Debug|Any CPU = Debug|Any CPU
		Release|Any CPU = Release|Any CPU
	EndGlobalSection
	GlobalSection(ProjectConfigurationPlatforms) = postSolution
		{AB10933A-43CC-4A2C-AFB9-0B328369AA20}.Debug|Any CPU.ActiveCfg = Debug|Any CPU
		{AB10933A-43CC-4A2C-AFB9-0B328369AA20}.Debug|Any CPU.Build.0 = Debug|Any CPU
		{AB10933A-43CC-4A2C-AFB9-0B328369AA20}.Release|Any CPU.ActiveCfg = Release|Any CPU
		{AB10933A-43CC-4A2C-AFB9-0B328369AA20}.Release|Any CPU.Build.0 = Release|Any CPU
	EndGlobalSection
	GlobalSection(SolutionProperties) = preSolution
		HideSolutionNode = FALSE
	EndGlobalSection
	GlobalSection(ExtensibilityGlobals) = postSolution
		SolutionGuid = {909EA57D-95A9-453F-B7A5-20240F0630C8}
	EndGlobalSection
EndGlobal
